// !$*UTF8*$!
{
	archiveVersion = 1;
	classes = {
	};
	objectVersion = 60;
	objects = {

/* Begin PBXBuildFile section */
		2E8A4B4C2AEDFF420005AC72 /* MineCaseMachineML in Frameworks */ = {isa = PBXBuildFile; productRef = 2E8A4B4B2AEDFF420005AC72 /* MineCaseMachineML */; };
		2EF3EF902AEBFB9700AB741B /* AppDelegate.swift in Sources */ = {isa = PBXBuildFile; fileRef = 2EF3EF8F2AEBFB9700AB741B /* AppDelegate.swift */; };
		2EF3EF942AEBFB9700AB741B /* ViewController.swift in Sources */ = {isa = PBXBuildFile; fileRef = 2EF3EF932AEBFB9700AB741B /* ViewController.swift */; };
		2EF3EF992AEBFB9800AB741B /* Assets.xcassets in Resources */ = {isa = PBXBuildFile; fileRef = 2EF3EF982AEBFB9800AB741B /* Assets.xcassets */; };
		2EFEE5442AF64B9900215D39 /* LICENSE in Resources */ = {isa = PBXBuildFile; fileRef = 2EFEE51C2AF64B9900215D39 /* LICENSE */; };
		2EFEE5452AF64B9900215D39 /* README.md in Resources */ = {isa = PBXBuildFile; fileRef = 2EFEE51D2AF64B9900215D39 /* README.md */; };
		2EFEE5462AF64B9900215D39 /* ConstraintMultiplierTarget.swift in Sources */ = {isa = PBXBuildFile; fileRef = 2EFEE51F2AF64B9900215D39 /* ConstraintMultiplierTarget.swift */; };
		2EFEE5472AF64B9900215D39 /* LayoutConstraintItem.swift in Sources */ = {isa = PBXBuildFile; fileRef = 2EFEE5202AF64B9900215D39 /* LayoutConstraintItem.swift */; };
		2EFEE5482AF64B9900215D39 /* ConstraintMakerPrioritizable.swift in Sources */ = {isa = PBXBuildFile; fileRef = 2EFEE5212AF64B9900215D39 /* ConstraintMakerPrioritizable.swift */; };
		2EFEE5492AF64B9900215D39 /* ConstraintDescription.swift in Sources */ = {isa = PBXBuildFile; fileRef = 2EFEE5222AF64B9900215D39 /* ConstraintDescription.swift */; };
		2EFEE54A2AF64B9900215D39 /* ConstraintAttributes.swift in Sources */ = {isa = PBXBuildFile; fileRef = 2EFEE5232AF64B9900215D39 /* ConstraintAttributes.swift */; };
		2EFEE54B2AF64B9900215D39 /* ConstraintViewDSL.swift in Sources */ = {isa = PBXBuildFile; fileRef = 2EFEE5242AF64B9900215D39 /* ConstraintViewDSL.swift */; };
		2EFEE54C2AF64B9900215D39 /* ConstraintPriorityTarget.swift in Sources */ = {isa = PBXBuildFile; fileRef = 2EFEE5252AF64B9900215D39 /* ConstraintPriorityTarget.swift */; };
		2EFEE54D2AF64B9900215D39 /* ConstraintInsets.swift in Sources */ = {isa = PBXBuildFile; fileRef = 2EFEE5262AF64B9900215D39 /* ConstraintInsets.swift */; };
		2EFEE54E2AF64B9900215D39 /* ConstraintMakerFinalizable.swift in Sources */ = {isa = PBXBuildFile; fileRef = 2EFEE5272AF64B9900215D39 /* ConstraintMakerFinalizable.swift */; };
		2EFEE54F2AF64B9900215D39 /* ConstraintDSL.swift in Sources */ = {isa = PBXBuildFile; fileRef = 2EFEE5282AF64B9900215D39 /* ConstraintDSL.swift */; };
		2EFEE5502AF64B9900215D39 /* ConstraintMakerExtendable.swift in Sources */ = {isa = PBXBuildFile; fileRef = 2EFEE5292AF64B9900215D39 /* ConstraintMakerExtendable.swift */; };
		2EFEE5512AF64B9900215D39 /* ConstraintPriority.swift in Sources */ = {isa = PBXBuildFile; fileRef = 2EFEE52A2AF64B9900215D39 /* ConstraintPriority.swift */; };
		2EFEE5522AF64B9900215D39 /* ConstraintInsetTarget.swift in Sources */ = {isa = PBXBuildFile; fileRef = 2EFEE52B2AF64B9900215D39 /* ConstraintInsetTarget.swift */; };
		2EFEE5532AF64B9900215D39 /* ConstraintDirectionalInsetTarget.swift in Sources */ = {isa = PBXBuildFile; fileRef = 2EFEE52C2AF64B9900215D39 /* ConstraintDirectionalInsetTarget.swift */; };
		2EFEE5542AF64B9900215D39 /* ConstraintMakerRelatable+Extensions.swift in Sources */ = {isa = PBXBuildFile; fileRef = 2EFEE52D2AF64B9900215D39 /* ConstraintMakerRelatable+Extensions.swift */; };
		2EFEE5552AF64B9900215D39 /* ConstraintConfig.swift in Sources */ = {isa = PBXBuildFile; fileRef = 2EFEE52E2AF64B9900215D39 /* ConstraintConfig.swift */; };
		2EFEE5562AF64B9900215D39 /* UILayoutSupport+Extensions.swift in Sources */ = {isa = PBXBuildFile; fileRef = 2EFEE52F2AF64B9900215D39 /* UILayoutSupport+Extensions.swift */; };
		2EFEE5572AF64B9900215D39 /* ConstraintView.swift in Sources */ = {isa = PBXBuildFile; fileRef = 2EFEE5302AF64B9900215D39 /* ConstraintView.swift */; };
		2EFEE5582AF64B9900215D39 /* ConstraintLayoutGuide.swift in Sources */ = {isa = PBXBuildFile; fileRef = 2EFEE5312AF64B9900215D39 /* ConstraintLayoutGuide.swift */; };
		2EFEE5592AF64B9900215D39 /* ConstraintLayoutSupport.swift in Sources */ = {isa = PBXBuildFile; fileRef = 2EFEE5322AF64B9900215D39 /* ConstraintLayoutSupport.swift */; };
		2EFEE55A2AF64B9900215D39 /* Typealiases.swift in Sources */ = {isa = PBXBuildFile; fileRef = 2EFEE5332AF64B9900215D39 /* Typealiases.swift */; };
		2EFEE55B2AF64B9900215D39 /* ConstraintConstantTarget.swift in Sources */ = {isa = PBXBuildFile; fileRef = 2EFEE5342AF64B9900215D39 /* ConstraintConstantTarget.swift */; };
		2EFEE55C2AF64B9900215D39 /* ConstraintOffsetTarget.swift in Sources */ = {isa = PBXBuildFile; fileRef = 2EFEE5352AF64B9900215D39 /* ConstraintOffsetTarget.swift */; };
		2EFEE55D2AF64B9900215D39 /* ConstraintMakerEditable.swift in Sources */ = {isa = PBXBuildFile; fileRef = 2EFEE5362AF64B9900215D39 /* ConstraintMakerEditable.swift */; };
		2EFEE55E2AF64B9900215D39 /* ConstraintMaker.swift in Sources */ = {isa = PBXBuildFile; fileRef = 2EFEE5372AF64B9900215D39 /* ConstraintMaker.swift */; };
		2EFEE55F2AF64B9900215D39 /* ConstraintRelation.swift in Sources */ = {isa = PBXBuildFile; fileRef = 2EFEE5382AF64B9900215D39 /* ConstraintRelation.swift */; };
		2EFEE5602AF64B9900215D39 /* ConstraintLayoutGuideDSL.swift in Sources */ = {isa = PBXBuildFile; fileRef = 2EFEE5392AF64B9900215D39 /* ConstraintLayoutGuideDSL.swift */; };
		2EFEE5612AF64B9900215D39 /* ConstraintView+Extensions.swift in Sources */ = {isa = PBXBuildFile; fileRef = 2EFEE53A2AF64B9900215D39 /* ConstraintView+Extensions.swift */; };
		2EFEE5622AF64B9900215D39 /* ConstraintItem.swift in Sources */ = {isa = PBXBuildFile; fileRef = 2EFEE53B2AF64B9900215D39 /* ConstraintItem.swift */; };
		2EFEE5632AF64B9900215D39 /* Constraint.swift in Sources */ = {isa = PBXBuildFile; fileRef = 2EFEE53C2AF64B9900215D39 /* Constraint.swift */; };
		2EFEE5642AF64B9900215D39 /* Debugging.swift in Sources */ = {isa = PBXBuildFile; fileRef = 2EFEE53D2AF64B9900215D39 /* Debugging.swift */; };
		2EFEE5652AF64B9900215D39 /* ConstraintRelatableTarget.swift in Sources */ = {isa = PBXBuildFile; fileRef = 2EFEE53E2AF64B9900215D39 /* ConstraintRelatableTarget.swift */; };
		2EFEE5662AF64B9900215D39 /* LayoutConstraint.swift in Sources */ = {isa = PBXBuildFile; fileRef = 2EFEE53F2AF64B9900215D39 /* LayoutConstraint.swift */; };
		2EFEE5672AF64B9900215D39 /* ConstraintLayoutGuide+Extensions.swift in Sources */ = {isa = PBXBuildFile; fileRef = 2EFEE5402AF64B9900215D39 /* ConstraintLayoutGuide+Extensions.swift */; };
		2EFEE5682AF64B9900215D39 /* ConstraintDirectionalInsets.swift in Sources */ = {isa = PBXBuildFile; fileRef = 2EFEE5412AF64B9900215D39 /* ConstraintDirectionalInsets.swift */; };
		2EFEE5692AF64B9900215D39 /* ConstraintLayoutSupportDSL.swift in Sources */ = {isa = PBXBuildFile; fileRef = 2EFEE5422AF64B9900215D39 /* ConstraintLayoutSupportDSL.swift */; };
		2EFEE56A2AF64B9900215D39 /* ConstraintMakerRelatable.swift in Sources */ = {isa = PBXBuildFile; fileRef = 2EFEE5432AF64B9900215D39 /* ConstraintMakerRelatable.swift */; };
/* End PBXBuildFile section */

/* Begin PBXFileReference section */
		2EF3EF8C2AEBFB9700AB741B /* ML.app */ = {isa = PBXFileReference; explicitFileType = wrapper.application; includeInIndex = 0; path = ML.app; sourceTree = BUILT_PRODUCTS_DIR; };
		2EF3EF8F2AEBFB9700AB741B /* AppDelegate.swift */ = {isa = PBXFileReference; lastKnownFileType = sourcecode.swift; path = AppDelegate.swift; sourceTree = "<group>"; };
		2EF3EF932AEBFB9700AB741B /* ViewController.swift */ = {isa = PBXFileReference; lastKnownFileType = sourcecode.swift; path = ViewController.swift; sourceTree = "<group>"; };
		2EF3EF982AEBFB9800AB741B /* Assets.xcassets */ = {isa = PBXFileReference; lastKnownFileType = folder.assetcatalog; path = Assets.xcassets; sourceTree = "<group>"; };
		2EF3EF9D2AEBFB9800AB741B /* Info.plist */ = {isa = PBXFileReference; lastKnownFileType = text.plist.xml; path = Info.plist; sourceTree = "<group>"; };
		2EFEE51C2AF64B9900215D39 /* LICENSE */ = {isa = PBXFileReference; fileEncoding = 4; lastKnownFileType = text; path = LICENSE; sourceTree = "<group>"; };
		2EFEE51D2AF64B9900215D39 /* README.md */ = {isa = PBXFileReference; fileEncoding = 4; lastKnownFileType = net.daringfireball.markdown; path = README.md; sourceTree = "<group>"; };
		2EFEE51F2AF64B9900215D39 /* ConstraintMultiplierTarget.swift */ = {isa = PBXFileReference; fileEncoding = 4; lastKnownFileType = sourcecode.swift; path = ConstraintMultiplierTarget.swift; sourceTree = "<group>"; };
		2EFEE5202AF64B9900215D39 /* LayoutConstraintItem.swift */ = {isa = PBXFileReference; fileEncoding = 4; lastKnownFileType = sourcecode.swift; path = LayoutConstraintItem.swift; sourceTree = "<group>"; };
		2EFEE5212AF64B9900215D39 /* ConstraintMakerPrioritizable.swift */ = {isa = PBXFileReference; fileEncoding = 4; lastKnownFileType = sourcecode.swift; path = ConstraintMakerPrioritizable.swift; sourceTree = "<group>"; };
		2EFEE5222AF64B9900215D39 /* ConstraintDescription.swift */ = {isa = PBXFileReference; fileEncoding = 4; lastKnownFileType = sourcecode.swift; path = ConstraintDescription.swift; sourceTree = "<group>"; };
		2EFEE5232AF64B9900215D39 /* ConstraintAttributes.swift */ = {isa = PBXFileReference; fileEncoding = 4; lastKnownFileType = sourcecode.swift; path = ConstraintAttributes.swift; sourceTree = "<group>"; };
		2EFEE5242AF64B9900215D39 /* ConstraintViewDSL.swift */ = {isa = PBXFileReference; fileEncoding = 4; lastKnownFileType = sourcecode.swift; path = ConstraintViewDSL.swift; sourceTree = "<group>"; };
		2EFEE5252AF64B9900215D39 /* ConstraintPriorityTarget.swift */ = {isa = PBXFileReference; fileEncoding = 4; lastKnownFileType = sourcecode.swift; path = ConstraintPriorityTarget.swift; sourceTree = "<group>"; };
		2EFEE5262AF64B9900215D39 /* ConstraintInsets.swift */ = {isa = PBXFileReference; fileEncoding = 4; lastKnownFileType = sourcecode.swift; path = ConstraintInsets.swift; sourceTree = "<group>"; };
		2EFEE5272AF64B9900215D39 /* ConstraintMakerFinalizable.swift */ = {isa = PBXFileReference; fileEncoding = 4; lastKnownFileType = sourcecode.swift; path = ConstraintMakerFinalizable.swift; sourceTree = "<group>"; };
		2EFEE5282AF64B9900215D39 /* ConstraintDSL.swift */ = {isa = PBXFileReference; fileEncoding = 4; lastKnownFileType = sourcecode.swift; path = ConstraintDSL.swift; sourceTree = "<group>"; };
		2EFEE5292AF64B9900215D39 /* ConstraintMakerExtendable.swift */ = {isa = PBXFileReference; fileEncoding = 4; lastKnownFileType = sourcecode.swift; path = ConstraintMakerExtendable.swift; sourceTree = "<group>"; };
		2EFEE52A2AF64B9900215D39 /* ConstraintPriority.swift */ = {isa = PBXFileReference; fileEncoding = 4; lastKnownFileType = sourcecode.swift; path = ConstraintPriority.swift; sourceTree = "<group>"; };
		2EFEE52B2AF64B9900215D39 /* ConstraintInsetTarget.swift */ = {isa = PBXFileReference; fileEncoding = 4; lastKnownFileType = sourcecode.swift; path = ConstraintInsetTarget.swift; sourceTree = "<group>"; };
		2EFEE52C2AF64B9900215D39 /* ConstraintDirectionalInsetTarget.swift */ = {isa = PBXFileReference; fileEncoding = 4; lastKnownFileType = sourcecode.swift; path = ConstraintDirectionalInsetTarget.swift; sourceTree = "<group>"; };
		2EFEE52D2AF64B9900215D39 /* ConstraintMakerRelatable+Extensions.swift */ = {isa = PBXFileReference; fileEncoding = 4; lastKnownFileType = sourcecode.swift; path = "ConstraintMakerRelatable+Extensions.swift"; sourceTree = "<group>"; };
		2EFEE52E2AF64B9900215D39 /* ConstraintConfig.swift */ = {isa = PBXFileReference; fileEncoding = 4; lastKnownFileType = sourcecode.swift; path = ConstraintConfig.swift; sourceTree = "<group>"; };
		2EFEE52F2AF64B9900215D39 /* UILayoutSupport+Extensions.swift */ = {isa = PBXFileReference; fileEncoding = 4; lastKnownFileType = sourcecode.swift; path = "UILayoutSupport+Extensions.swift"; sourceTree = "<group>"; };
		2EFEE5302AF64B9900215D39 /* ConstraintView.swift */ = {isa = PBXFileReference; fileEncoding = 4; lastKnownFileType = sourcecode.swift; path = ConstraintView.swift; sourceTree = "<group>"; };
		2EFEE5312AF64B9900215D39 /* ConstraintLayoutGuide.swift */ = {isa = PBXFileReference; fileEncoding = 4; lastKnownFileType = sourcecode.swift; path = ConstraintLayoutGuide.swift; sourceTree = "<group>"; };
		2EFEE5322AF64B9900215D39 /* ConstraintLayoutSupport.swift */ = {isa = PBXFileReference; fileEncoding = 4; lastKnownFileType = sourcecode.swift; path = ConstraintLayoutSupport.swift; sourceTree = "<group>"; };
		2EFEE5332AF64B9900215D39 /* Typealiases.swift */ = {isa = PBXFileReference; fileEncoding = 4; lastKnownFileType = sourcecode.swift; path = Typealiases.swift; sourceTree = "<group>"; };
		2EFEE5342AF64B9900215D39 /* ConstraintConstantTarget.swift */ = {isa = PBXFileReference; fileEncoding = 4; lastKnownFileType = sourcecode.swift; path = ConstraintConstantTarget.swift; sourceTree = "<group>"; };
		2EFEE5352AF64B9900215D39 /* ConstraintOffsetTarget.swift */ = {isa = PBXFileReference; fileEncoding = 4; lastKnownFileType = sourcecode.swift; path = ConstraintOffsetTarget.swift; sourceTree = "<group>"; };
		2EFEE5362AF64B9900215D39 /* ConstraintMakerEditable.swift */ = {isa = PBXFileReference; fileEncoding = 4; lastKnownFileType = sourcecode.swift; path = ConstraintMakerEditable.swift; sourceTree = "<group>"; };
		2EFEE5372AF64B9900215D39 /* ConstraintMaker.swift */ = {isa = PBXFileReference; fileEncoding = 4; lastKnownFileType = sourcecode.swift; path = ConstraintMaker.swift; sourceTree = "<group>"; };
		2EFEE5382AF64B9900215D39 /* ConstraintRelation.swift */ = {isa = PBXFileReference; fileEncoding = 4; lastKnownFileType = sourcecode.swift; path = ConstraintRelation.swift; sourceTree = "<group>"; };
		2EFEE5392AF64B9900215D39 /* ConstraintLayoutGuideDSL.swift */ = {isa = PBXFileReference; fileEncoding = 4; lastKnownFileType = sourcecode.swift; path = ConstraintLayoutGuideDSL.swift; sourceTree = "<group>"; };
		2EFEE53A2AF64B9900215D39 /* ConstraintView+Extensions.swift */ = {isa = PBXFileReference; fileEncoding = 4; lastKnownFileType = sourcecode.swift; path = "ConstraintView+Extensions.swift"; sourceTree = "<group>"; };
		2EFEE53B2AF64B9900215D39 /* ConstraintItem.swift */ = {isa = PBXFileReference; fileEncoding = 4; lastKnownFileType = sourcecode.swift; path = ConstraintItem.swift; sourceTree = "<group>"; };
		2EFEE53C2AF64B9900215D39 /* Constraint.swift */ = {isa = PBXFileReference; fileEncoding = 4; lastKnownFileType = sourcecode.swift; path = Constraint.swift; sourceTree = "<group>"; };
		2EFEE53D2AF64B9900215D39 /* Debugging.swift */ = {isa = PBXFileReference; fileEncoding = 4; lastKnownFileType = sourcecode.swift; path = Debugging.swift; sourceTree = "<group>"; };
		2EFEE53E2AF64B9900215D39 /* ConstraintRelatableTarget.swift */ = {isa = PBXFileReference; fileEncoding = 4; lastKnownFileType = sourcecode.swift; path = ConstraintRelatableTarget.swift; sourceTree = "<group>"; };
		2EFEE53F2AF64B9900215D39 /* LayoutConstraint.swift */ = {isa = PBXFileReference; fileEncoding = 4; lastKnownFileType = sourcecode.swift; path = LayoutConstraint.swift; sourceTree = "<group>"; };
		2EFEE5402AF64B9900215D39 /* ConstraintLayoutGuide+Extensions.swift */ = {isa = PBXFileReference; fileEncoding = 4; lastKnownFileType = sourcecode.swift; path = "ConstraintLayoutGuide+Extensions.swift"; sourceTree = "<group>"; };
		2EFEE5412AF64B9900215D39 /* ConstraintDirectionalInsets.swift */ = {isa = PBXFileReference; fileEncoding = 4; lastKnownFileType = sourcecode.swift; path = ConstraintDirectionalInsets.swift; sourceTree = "<group>"; };
		2EFEE5422AF64B9900215D39 /* ConstraintLayoutSupportDSL.swift */ = {isa = PBXFileReference; fileEncoding = 4; lastKnownFileType = sourcecode.swift; path = ConstraintLayoutSupportDSL.swift; sourceTree = "<group>"; };
		2EFEE5432AF64B9900215D39 /* ConstraintMakerRelatable.swift */ = {isa = PBXFileReference; fileEncoding = 4; lastKnownFileType = sourcecode.swift; path = ConstraintMakerRelatable.swift; sourceTree = "<group>"; };
/* End PBXFileReference section */

/* Begin PBXFrameworksBuildPhase section */
		2EF3EF892AEBFB9700AB741B /* Frameworks */ = {
			isa = PBXFrameworksBuildPhase;
			buildActionMask = 2147483647;
			files = (
				2E8A4B4C2AEDFF420005AC72 /* MineCaseMachineML in Frameworks */,
			);
			runOnlyForDeploymentPostprocessing = 0;
		};
/* End PBXFrameworksBuildPhase section */

/* Begin PBXGroup section */
		2EF3EF832AEBFB9700AB741B = {
			isa = PBXGroup;
			children = (
				2EF3EF8E2AEBFB9700AB741B /* ML */,
				2EF3EF8D2AEBFB9700AB741B /* Products */,
			);
			sourceTree = "<group>";
		};
		2EF3EF8D2AEBFB9700AB741B /* Products */ = {
			isa = PBXGroup;
			children = (
				2EF3EF8C2AEBFB9700AB741B /* ML.app */,
			);
			name = Products;
			sourceTree = "<group>";
		};
		2EF3EF8E2AEBFB9700AB741B /* ML */ = {
			isa = PBXGroup;
			children = (
				2EFEE51B2AF64B9900215D39 /* SnapKit */,
				2EF3EF8F2AEBFB9700AB741B /* AppDelegate.swift */,
				2EF3EF932AEBFB9700AB741B /* ViewController.swift */,
				2EF3EF982AEBFB9800AB741B /* Assets.xcassets */,
				2EF3EF9D2AEBFB9800AB741B /* Info.plist */,
			);
			path = ML;
			sourceTree = "<group>";
		};
		2EFEE51B2AF64B9900215D39 /* SnapKit */ = {
			isa = PBXGroup;
			children = (
				2EFEE51C2AF64B9900215D39 /* LICENSE */,
				2EFEE51D2AF64B9900215D39 /* README.md */,
				2EFEE51E2AF64B9900215D39 /* Sources */,
			);
			path = SnapKit;
			sourceTree = "<group>";
		};
		2EFEE51E2AF64B9900215D39 /* Sources */ = {
			isa = PBXGroup;
			children = (
				2EFEE51F2AF64B9900215D39 /* ConstraintMultiplierTarget.swift */,
				2EFEE5202AF64B9900215D39 /* LayoutConstraintItem.swift */,
				2EFEE5212AF64B9900215D39 /* ConstraintMakerPrioritizable.swift */,
				2EFEE5222AF64B9900215D39 /* ConstraintDescription.swift */,
				2EFEE5232AF64B9900215D39 /* ConstraintAttributes.swift */,
				2EFEE5242AF64B9900215D39 /* ConstraintViewDSL.swift */,
				2EFEE5252AF64B9900215D39 /* ConstraintPriorityTarget.swift */,
				2EFEE5262AF64B9900215D39 /* ConstraintInsets.swift */,
				2EFEE5272AF64B9900215D39 /* ConstraintMakerFinalizable.swift */,
				2EFEE5282AF64B9900215D39 /* ConstraintDSL.swift */,
				2EFEE5292AF64B9900215D39 /* ConstraintMakerExtendable.swift */,
				2EFEE52A2AF64B9900215D39 /* ConstraintPriority.swift */,
				2EFEE52B2AF64B9900215D39 /* ConstraintInsetTarget.swift */,
				2EFEE52C2AF64B9900215D39 /* ConstraintDirectionalInsetTarget.swift */,
				2EFEE52D2AF64B9900215D39 /* ConstraintMakerRelatable+Extensions.swift */,
				2EFEE52E2AF64B9900215D39 /* ConstraintConfig.swift */,
				2EFEE52F2AF64B9900215D39 /* UILayoutSupport+Extensions.swift */,
				2EFEE5302AF64B9900215D39 /* ConstraintView.swift */,
				2EFEE5312AF64B9900215D39 /* ConstraintLayoutGuide.swift */,
				2EFEE5322AF64B9900215D39 /* ConstraintLayoutSupport.swift */,
				2EFEE5332AF64B9900215D39 /* Typealiases.swift */,
				2EFEE5342AF64B9900215D39 /* ConstraintConstantTarget.swift */,
				2EFEE5352AF64B9900215D39 /* ConstraintOffsetTarget.swift */,
				2EFEE5362AF64B9900215D39 /* ConstraintMakerEditable.swift */,
				2EFEE5372AF64B9900215D39 /* ConstraintMaker.swift */,
				2EFEE5382AF64B9900215D39 /* ConstraintRelation.swift */,
				2EFEE5392AF64B9900215D39 /* ConstraintLayoutGuideDSL.swift */,
				2EFEE53A2AF64B9900215D39 /* ConstraintView+Extensions.swift */,
				2EFEE53B2AF64B9900215D39 /* ConstraintItem.swift */,
				2EFEE53C2AF64B9900215D39 /* Constraint.swift */,
				2EFEE53D2AF64B9900215D39 /* Debugging.swift */,
				2EFEE53E2AF64B9900215D39 /* ConstraintRelatableTarget.swift */,
				2EFEE53F2AF64B9900215D39 /* LayoutConstraint.swift */,
				2EFEE5402AF64B9900215D39 /* ConstraintLayoutGuide+Extensions.swift */,
				2EFEE5412AF64B9900215D39 /* ConstraintDirectionalInsets.swift */,
				2EFEE5422AF64B9900215D39 /* ConstraintLayoutSupportDSL.swift */,
				2EFEE5432AF64B9900215D39 /* ConstraintMakerRelatable.swift */,
			);
			path = Sources;
			sourceTree = "<group>";
		};
/* End PBXGroup section */

/* Begin PBXNativeTarget section */
		2EF3EF8B2AEBFB9700AB741B /* ML */ = {
			isa = PBXNativeTarget;
			buildConfigurationList = 2EF3EFA02AEBFB9800AB741B /* Build configuration list for PBXNativeTarget "ML" */;
			buildPhases = (
				2EF3EF882AEBFB9700AB741B /* Sources */,
				2EF3EF892AEBFB9700AB741B /* Frameworks */,
				2EF3EF8A2AEBFB9700AB741B /* Resources */,
			);
			buildRules = (
			);
			dependencies = (
			);
			name = ML;
			packageProductDependencies = (
				2E8A4B4B2AEDFF420005AC72 /* MineCaseMachineML */,
			);
			productName = ML;
			productReference = 2EF3EF8C2AEBFB9700AB741B /* ML.app */;
			productType = "com.apple.product-type.application";
		};
/* End PBXNativeTarget section */

/* Begin PBXProject section */
		2EF3EF842AEBFB9700AB741B /* Project object */ = {
			isa = PBXProject;
			attributes = {
				BuildIndependentTargetsInParallel = 1;
				LastSwiftUpdateCheck = 1500;
				LastUpgradeCheck = 1500;
				TargetAttributes = {
					2EF3EF8B2AEBFB9700AB741B = {
						CreatedOnToolsVersion = 15.0.1;
					};
				};
			};
			buildConfigurationList = 2EF3EF872AEBFB9700AB741B /* Build configuration list for PBXProject "ML" */;
			compatibilityVersion = "Xcode 14.0";
			developmentRegion = en;
			hasScannedForEncodings = 0;
			knownRegions = (
				en,
				Base,
			);
			mainGroup = 2EF3EF832AEBFB9700AB741B;
			packageReferences = (
				2E8A4B4A2AEDFF420005AC72 /* XCLocalSwiftPackageReference "MineCaseMachineML" */,
			);
			productRefGroup = 2EF3EF8D2AEBFB9700AB741B /* Products */;
			projectDirPath = "";
			projectRoot = "";
			targets = (
				2EF3EF8B2AEBFB9700AB741B /* ML */,
			);
		};
/* End PBXProject section */

/* Begin PBXResourcesBuildPhase section */
		2EF3EF8A2AEBFB9700AB741B /* Resources */ = {
			isa = PBXResourcesBuildPhase;
			buildActionMask = 2147483647;
			files = (
				2EFEE5452AF64B9900215D39 /* README.md in Resources */,
				2EFEE5442AF64B9900215D39 /* LICENSE in Resources */,
				2EF3EF992AEBFB9800AB741B /* Assets.xcassets in Resources */,
			);
			runOnlyForDeploymentPostprocessing = 0;
		};
/* End PBXResourcesBuildPhase section */

/* Begin PBXSourcesBuildPhase section */
		2EF3EF882AEBFB9700AB741B /* Sources */ = {
			isa = PBXSourcesBuildPhase;
			buildActionMask = 2147483647;
			files = (
				2EFEE5462AF64B9900215D39 /* ConstraintMultiplierTarget.swift in Sources */,
				2EFEE5542AF64B9900215D39 /* ConstraintMakerRelatable+Extensions.swift in Sources */,
				2EFEE55E2AF64B9900215D39 /* ConstraintMaker.swift in Sources */,
				2EF3EF942AEBFB9700AB741B /* ViewController.swift in Sources */,
				2EFEE5642AF64B9900215D39 /* Debugging.swift in Sources */,
				2EFEE5662AF64B9900215D39 /* LayoutConstraint.swift in Sources */,
				2EFEE55A2AF64B9900215D39 /* Typealiases.swift in Sources */,
				2EFEE5612AF64B9900215D39 /* ConstraintView+Extensions.swift in Sources */,
				2EFEE54F2AF64B9900215D39 /* ConstraintDSL.swift in Sources */,
				2EFEE5622AF64B9900215D39 /* ConstraintItem.swift in Sources */,
				2EFEE55C2AF64B9900215D39 /* ConstraintOffsetTarget.swift in Sources */,
				2EFEE56A2AF64B9900215D39 /* ConstraintMakerRelatable.swift in Sources */,
				2EFEE5552AF64B9900215D39 /* ConstraintConfig.swift in Sources */,
				2EFEE54A2AF64B9900215D39 /* ConstraintAttributes.swift in Sources */,
				2EFEE5602AF64B9900215D39 /* ConstraintLayoutGuideDSL.swift in Sources */,
				2EFEE5582AF64B9900215D39 /* ConstraintLayoutGuide.swift in Sources */,
				2EFEE55F2AF64B9900215D39 /* ConstraintRelation.swift in Sources */,
				2EFEE5522AF64B9900215D39 /* ConstraintInsetTarget.swift in Sources */,
				2EFEE5482AF64B9900215D39 /* ConstraintMakerPrioritizable.swift in Sources */,
				2EFEE5682AF64B9900215D39 /* ConstraintDirectionalInsets.swift in Sources */,
				2EFEE5632AF64B9900215D39 /* Constraint.swift in Sources */,
				2EFEE5652AF64B9900215D39 /* ConstraintRelatableTarget.swift in Sources */,
				2EFEE54E2AF64B9900215D39 /* ConstraintMakerFinalizable.swift in Sources */,
				2EF3EF902AEBFB9700AB741B /* AppDelegate.swift in Sources */,
				2EFEE54B2AF64B9900215D39 /* ConstraintViewDSL.swift in Sources */,
				2EFEE5512AF64B9900215D39 /* ConstraintPriority.swift in Sources */,
				2EFEE55D2AF64B9900215D39 /* ConstraintMakerEditable.swift in Sources */,
				2EFEE5672AF64B9900215D39 /* ConstraintLayoutGuide+Extensions.swift in Sources */,
				2EFEE5472AF64B9900215D39 /* LayoutConstraintItem.swift in Sources */,
				2EFEE55B2AF64B9900215D39 /* ConstraintConstantTarget.swift in Sources */,
				2EFEE54C2AF64B9900215D39 /* ConstraintPriorityTarget.swift in Sources */,
				2EFEE54D2AF64B9900215D39 /* ConstraintInsets.swift in Sources */,
				2EFEE5572AF64B9900215D39 /* ConstraintView.swift in Sources */,
				2EFEE5492AF64B9900215D39 /* ConstraintDescription.swift in Sources */,
				2EFEE5562AF64B9900215D39 /* UILayoutSupport+Extensions.swift in Sources */,
				2EFEE5692AF64B9900215D39 /* ConstraintLayoutSupportDSL.swift in Sources */,
				2EFEE5532AF64B9900215D39 /* ConstraintDirectionalInsetTarget.swift in Sources */,
				2EFEE5592AF64B9900215D39 /* ConstraintLayoutSupport.swift in Sources */,
				2EFEE5502AF64B9900215D39 /* ConstraintMakerExtendable.swift in Sources */,
			);
			runOnlyForDeploymentPostprocessing = 0;
		};
/* End PBXSourcesBuildPhase section */

/* Begin XCBuildConfiguration section */
		2EF3EF9E2AEBFB9800AB741B /* Debug */ = {
			isa = XCBuildConfiguration;
			buildSettings = {
				ALWAYS_SEARCH_USER_PATHS = NO;
				ASSETCATALOG_COMPILER_GENERATE_SWIFT_ASSET_SYMBOL_EXTENSIONS = YES;
				CLANG_ANALYZER_NONNULL = YES;
				CLANG_ANALYZER_NUMBER_OBJECT_CONVERSION = YES_AGGRESSIVE;
				CLANG_CXX_LANGUAGE_STANDARD = "gnu++20";
				CLANG_ENABLE_MODULES = YES;
				CLANG_ENABLE_OBJC_ARC = YES;
				CLANG_ENABLE_OBJC_WEAK = YES;
				CLANG_WARN_BLOCK_CAPTURE_AUTORELEASING = YES;
				CLANG_WARN_BOOL_CONVERSION = YES;
				CLANG_WARN_COMMA = YES;
				CLANG_WARN_CONSTANT_CONVERSION = YES;
				CLANG_WARN_DEPRECATED_OBJC_IMPLEMENTATIONS = YES;
				CLANG_WARN_DIRECT_OBJC_ISA_USAGE = YES_ERROR;
				CLANG_WARN_DOCUMENTATION_COMMENTS = YES;
				CLANG_WARN_EMPTY_BODY = YES;
				CLANG_WARN_ENUM_CONVERSION = YES;
				CLANG_WARN_INFINITE_RECURSION = YES;
				CLANG_WARN_INT_CONVERSION = YES;
				CLANG_WARN_NON_LITERAL_NULL_CONVERSION = YES;
				CLANG_WARN_OBJC_IMPLICIT_RETAIN_SELF = YES;
				CLANG_WARN_OBJC_LITERAL_CONVERSION = YES;
				CLANG_WARN_OBJC_ROOT_CLASS = YES_ERROR;
				CLANG_WARN_QUOTED_INCLUDE_IN_FRAMEWORK_HEADER = YES;
				CLANG_WARN_RANGE_LOOP_ANALYSIS = YES;
				CLANG_WARN_STRICT_PROTOTYPES = YES;
				CLANG_WARN_SUSPICIOUS_MOVE = YES;
				CLANG_WARN_UNGUARDED_AVAILABILITY = YES_AGGRESSIVE;
				CLANG_WARN_UNREACHABLE_CODE = YES;
				CLANG_WARN__DUPLICATE_METHOD_MATCH = YES;
				COPY_PHASE_STRIP = NO;
				DEBUG_INFORMATION_FORMAT = dwarf;
				ENABLE_STRICT_OBJC_MSGSEND = YES;
				ENABLE_TESTABILITY = YES;
				ENABLE_USER_SCRIPT_SANDBOXING = YES;
				GCC_C_LANGUAGE_STANDARD = gnu17;
				GCC_DYNAMIC_NO_PIC = NO;
				GCC_NO_COMMON_BLOCKS = YES;
				GCC_OPTIMIZATION_LEVEL = 0;
				GCC_PREPROCESSOR_DEFINITIONS = (
					"DEBUG=1",
					"$(inherited)",
				);
				GCC_WARN_64_TO_32_BIT_CONVERSION = YES;
				GCC_WARN_ABOUT_RETURN_TYPE = YES_ERROR;
				GCC_WARN_UNDECLARED_SELECTOR = YES;
				GCC_WARN_UNINITIALIZED_AUTOS = YES_AGGRESSIVE;
				GCC_WARN_UNUSED_FUNCTION = YES;
				GCC_WARN_UNUSED_VARIABLE = YES;
				IPHONEOS_DEPLOYMENT_TARGET = 17.0;
				LOCALIZATION_PREFERS_STRING_CATALOGS = YES;
				MTL_ENABLE_DEBUG_INFO = INCLUDE_SOURCE;
				MTL_FAST_MATH = YES;
				ONLY_ACTIVE_ARCH = YES;
				SDKROOT = iphoneos;
				SWIFT_ACTIVE_COMPILATION_CONDITIONS = "DEBUG $(inherited)";
				SWIFT_OPTIMIZATION_LEVEL = "-Onone";
			};
			name = Debug;
		};
		2EF3EF9F2AEBFB9800AB741B /* Release */ = {
			isa = XCBuildConfiguration;
			buildSettings = {
				ALWAYS_SEARCH_USER_PATHS = NO;
				ASSETCATALOG_COMPILER_GENERATE_SWIFT_ASSET_SYMBOL_EXTENSIONS = YES;
				CLANG_ANALYZER_NONNULL = YES;
				CLANG_ANALYZER_NUMBER_OBJECT_CONVERSION = YES_AGGRESSIVE;
				CLANG_CXX_LANGUAGE_STANDARD = "gnu++20";
				CLANG_ENABLE_MODULES = YES;
				CLANG_ENABLE_OBJC_ARC = YES;
				CLANG_ENABLE_OBJC_WEAK = YES;
				CLANG_WARN_BLOCK_CAPTURE_AUTORELEASING = YES;
				CLANG_WARN_BOOL_CONVERSION = YES;
				CLANG_WARN_COMMA = YES;
				CLANG_WARN_CONSTANT_CONVERSION = YES;
				CLANG_WARN_DEPRECATED_OBJC_IMPLEMENTATIONS = YES;
				CLANG_WARN_DIRECT_OBJC_ISA_USAGE = YES_ERROR;
				CLANG_WARN_DOCUMENTATION_COMMENTS = YES;
				CLANG_WARN_EMPTY_BODY = YES;
				CLANG_WARN_ENUM_CONVERSION = YES;
				CLANG_WARN_INFINITE_RECURSION = YES;
				CLANG_WARN_INT_CONVERSION = YES;
				CLANG_WARN_NON_LITERAL_NULL_CONVERSION = YES;
				CLANG_WARN_OBJC_IMPLICIT_RETAIN_SELF = YES;
				CLANG_WARN_OBJC_LITERAL_CONVERSION = YES;
				CLANG_WARN_OBJC_ROOT_CLASS = YES_ERROR;
				CLANG_WARN_QUOTED_INCLUDE_IN_FRAMEWORK_HEADER = YES;
				CLANG_WARN_RANGE_LOOP_ANALYSIS = YES;
				CLANG_WARN_STRICT_PROTOTYPES = YES;
				CLANG_WARN_SUSPICIOUS_MOVE = YES;
				CLANG_WARN_UNGUARDED_AVAILABILITY = YES_AGGRESSIVE;
				CLANG_WARN_UNREACHABLE_CODE = YES;
				CLANG_WARN__DUPLICATE_METHOD_MATCH = YES;
				COPY_PHASE_STRIP = NO;
				DEBUG_INFORMATION_FORMAT = "dwarf-with-dsym";
				ENABLE_NS_ASSERTIONS = NO;
				ENABLE_STRICT_OBJC_MSGSEND = YES;
				ENABLE_USER_SCRIPT_SANDBOXING = YES;
				GCC_C_LANGUAGE_STANDARD = gnu17;
				GCC_NO_COMMON_BLOCKS = YES;
				GCC_WARN_64_TO_32_BIT_CONVERSION = YES;
				GCC_WARN_ABOUT_RETURN_TYPE = YES_ERROR;
				GCC_WARN_UNDECLARED_SELECTOR = YES;
				GCC_WARN_UNINITIALIZED_AUTOS = YES_AGGRESSIVE;
				GCC_WARN_UNUSED_FUNCTION = YES;
				GCC_WARN_UNUSED_VARIABLE = YES;
				IPHONEOS_DEPLOYMENT_TARGET = 17.0;
				LOCALIZATION_PREFERS_STRING_CATALOGS = YES;
				MTL_ENABLE_DEBUG_INFO = NO;
				MTL_FAST_MATH = YES;
				SDKROOT = iphoneos;
				SWIFT_COMPILATION_MODE = wholemodule;
				VALIDATE_PRODUCT = YES;
			};
			name = Release;
		};
		2EF3EFA12AEBFB9800AB741B /* Debug */ = {
			isa = XCBuildConfiguration;
			buildSettings = {
				ASSETCATALOG_COMPILER_APPICON_NAME = AppIcon;
				ASSETCATALOG_COMPILER_GLOBAL_ACCENT_COLOR_NAME = AccentColor;
				CODE_SIGN_STYLE = Automatic;
				CURRENT_PROJECT_VERSION = 1;
				DEVELOPMENT_TEAM = 8548D8P372;
				GENERATE_INFOPLIST_FILE = YES;
				INFOPLIST_FILE = ML/Info.plist;
				INFOPLIST_KEY_UIApplicationSupportsIndirectInputEvents = YES;
				INFOPLIST_KEY_UISupportedInterfaceOrientations_iPad = "UIInterfaceOrientationPortrait UIInterfaceOrientationPortraitUpsideDown UIInterfaceOrientationLandscapeLeft UIInterfaceOrientationLandscapeRight";
				INFOPLIST_KEY_UISupportedInterfaceOrientations_iPhone = "UIInterfaceOrientationPortrait UIInterfaceOrientationLandscapeLeft UIInterfaceOrientationLandscapeRight";
				LD_RUNPATH_SEARCH_PATHS = (
					"$(inherited)",
					"@executable_path/Frameworks",
				);
				MARKETING_VERSION = 1.0;
				PRODUCT_BUNDLE_IDENTIFIER = "com.Mhc-inc.ML";
				PRODUCT_NAME = "$(TARGET_NAME)";
				SWIFT_EMIT_LOC_STRINGS = YES;
				SWIFT_VERSION = 5.0;
				TARGETED_DEVICE_FAMILY = "1,2";
			};
			name = Debug;
		};
		2EF3EFA22AEBFB9800AB741B /* Release */ = {
			isa = XCBuildConfiguration;
			buildSettings = {
				ASSETCATALOG_COMPILER_APPICON_NAME = AppIcon;
				ASSETCATALOG_COMPILER_GLOBAL_ACCENT_COLOR_NAME = AccentColor;
				CODE_SIGN_STYLE = Automatic;
				CURRENT_PROJECT_VERSION = 1;
				DEVELOPMENT_TEAM = 8548D8P372;
				GENERATE_INFOPLIST_FILE = YES;
				INFOPLIST_FILE = ML/Info.plist;
				INFOPLIST_KEY_UIApplicationSupportsIndirectInputEvents = YES;
				INFOPLIST_KEY_UISupportedInterfaceOrientations_iPad = "UIInterfaceOrientationPortrait UIInterfaceOrientationPortraitUpsideDown UIInterfaceOrientationLandscapeLeft UIInterfaceOrientationLandscapeRight";
				INFOPLIST_KEY_UISupportedInterfaceOrientations_iPhone = "UIInterfaceOrientationPortrait UIInterfaceOrientationLandscapeLeft UIInterfaceOrientationLandscapeRight";
				LD_RUNPATH_SEARCH_PATHS = (
					"$(inherited)",
					"@executable_path/Frameworks",
				);
				MARKETING_VERSION = 1.0;
				PRODUCT_BUNDLE_IDENTIFIER = "com.Mhc-inc.ML";
				PRODUCT_NAME = "$(TARGET_NAME)";
				SWIFT_EMIT_LOC_STRINGS = YES;
				SWIFT_VERSION = 5.0;
				TARGETED_DEVICE_FAMILY = "1,2";
			};
			name = Release;
		};
/* End XCBuildConfiguration section */

/* Begin XCConfigurationList section */
		2EF3EF872AEBFB9700AB741B /* Build configuration list for PBXProject "ML" */ = {
			isa = XCConfigurationList;
			buildConfigurations = (
				2EF3EF9E2AEBFB9800AB741B /* Debug */,
				2EF3EF9F2AEBFB9800AB741B /* Release */,
			);
			defaultConfigurationIsVisible = 0;
			defaultConfigurationName = Release;
		};
		2EF3EFA02AEBFB9800AB741B /* Build configuration list for PBXNativeTarget "ML" */ = {
			isa = XCConfigurationList;
			buildConfigurations = (
				2EF3EFA12AEBFB9800AB741B /* Debug */,
				2EF3EFA22AEBFB9800AB741B /* Release */,
			);
			defaultConfigurationIsVisible = 0;
			defaultConfigurationName = Release;
		};
/* End XCConfigurationList section */

/* Begin XCLocalSwiftPackageReference section */
		2E8A4B4A2AEDFF420005AC72 /* XCLocalSwiftPackageReference "MineCaseMachineML" */ = {
			isa = XCLocalSwiftPackageReference;
			relativePath = MineCaseMachineML;
		};
/* End XCLocalSwiftPackageReference section */

/* Begin XCSwiftPackageProductDependency section */
		2E8A4B4B2AEDFF420005AC72 /* MineCaseMachineML */ = {
			isa = XCSwiftPackageProductDependency;
			productName = MineCaseMachineML;
		};
/* End XCSwiftPackageProductDependency section */
	};
	rootObject = 2EF3EF842AEBFB9700AB741B /* Project object */;
}
